
Microsoft Visual Studio Solution File, Format Version 12.00
# Visual Studio Version 17
VisualStudioVersion = 17.11.35303.130
MinimumVisualStudioVersion = 10.0.40219.1
Project("{FAE04EC0-301F-11D3-BF4B-00C04F79EFBC}") = "Oef", "Oef.csproj", "{578F5080-510C-4114-B232-E259D387B4BC}"
EndProject
Global
	GlobalSection(SolutionConfigurationPlatforms) = preSolution
		Debug|Any CPU = Debug|Any CPU
		Release|Any CPU = Release|Any CPU
	EndGlobalSection
	GlobalSection(ProjectConfigurationPlatforms) = postSolution
		{578F5080-510C-4114-B232-E259D387B4BC}.Debug|Any CPU.ActiveCfg = Debug|Any CPU
		{578F5080-510C-4114-B232-E259D387B4BC}.Debug|Any CPU.Build.0 = Debug|Any CPU
		{578F5080-510C-4114-B232-E259D387B4BC}.Release|Any CPU.ActiveCfg = Release|Any CPU
		{578F5080-510C-4114-B232-E259D387B4BC}.Release|Any CPU.Build.0 = Release|Any CPU
	EndGlobalSection
	GlobalSection(SolutionProperties) = preSolution
		HideSolutionNode = FALSE
	EndGlobalSection
	GlobalSection(ExtensibilityGlobals) = postSolution
		SolutionGuid = {2390D70A-3894-4C0A-870B-E98221EC8C2C}
	EndGlobalSection
EndGlobal
